
Microsoft Visual Studio Solution File, Format Version 12.00
# Visual Studio Version 16
VisualStudioVersion = 16.0.30413.136
MinimumVisualStudioVersion = 10.0.40219.1
Project("{FAE04EC0-301F-11D3-BF4B-00C04F79EFBC}") = "31_Muna_Shabab", "31_Muna_Shabab.csproj", "{968AA58C-C0E9-4C07-880F-5E72678535DC}"
EndProject
Global
	GlobalSection(SolutionConfigurationPlatforms) = preSolution
		Debug|Any CPU = Debug|Any CPU
		Release|Any CPU = Release|Any CPU
	EndGlobalSection
	GlobalSection(ProjectConfigurationPlatforms) = postSolution
		{968AA58C-C0E9-4C07-880F-5E72678535DC}.Debug|Any CPU.ActiveCfg = Debug|Any CPU
		{968AA58C-C0E9-4C07-880F-5E72678535DC}.Debug|Any CPU.Build.0 = Debug|Any CPU
		{968AA58C-C0E9-4C07-880F-5E72678535DC}.Release|Any CPU.ActiveCfg = Release|Any CPU
		{968AA58C-C0E9-4C07-880F-5E72678535DC}.Release|Any CPU.Build.0 = Release|Any CPU
	EndGlobalSection
	GlobalSection(SolutionProperties) = preSolution
		HideSolutionNode = FALSE
	EndGlobalSection
	GlobalSection(ExtensibilityGlobals) = postSolution
		SolutionGuid = {EF513AF5-1792-4CB9-974E-BCF42B17E667}
	EndGlobalSection
EndGlobal
